
Microsoft Visual Studio Solution File, Format Version 12.00
# Visual Studio Version 16
VisualStudioVersion = 16.0.30611.23
MinimumVisualStudioVersion = 10.0.40219.1
Project("{FAE04EC0-301F-11D3-BF4B-00C04F79EFBC}") = "who is older method", "who is older method.csproj", "{6DD33CF1-2E42-441A-BF42-1964E24B23B4}"
EndProject
Global
	GlobalSection(SolutionConfigurationPlatforms) = preSolution
		Debug|Any CPU = Debug|Any CPU
		Release|Any CPU = Release|Any CPU
	EndGlobalSection
	GlobalSection(ProjectConfigurationPlatforms) = postSolution
		{6DD33CF1-2E42-441A-BF42-1964E24B23B4}.Debug|Any CPU.ActiveCfg = Debug|Any CPU
		{6DD33CF1-2E42-441A-BF42-1964E24B23B4}.Debug|Any CPU.Build.0 = Debug|Any CPU
		{6DD33CF1-2E42-441A-BF42-1964E24B23B4}.Release|Any CPU.ActiveCfg = Release|Any CPU
		{6DD33CF1-2E42-441A-BF42-1964E24B23B4}.Release|Any CPU.Build.0 = Release|Any CPU
	EndGlobalSection
	GlobalSection(SolutionProperties) = preSolution
		HideSolutionNode = FALSE
	EndGlobalSection
	GlobalSection(ExtensibilityGlobals) = postSolution
		SolutionGuid = {28F01AF2-682C-4AE9-A20C-C3084E888EAD}
	EndGlobalSection
EndGlobal
