
Microsoft Visual Studio Solution File, Format Version 12.00
# Visual Studio Version 16
VisualStudioVersion = 16.0.30611.23
MinimumVisualStudioVersion = 10.0.40219.1
Project("{FAE04EC0-301F-11D3-BF4B-00C04F79EFBC}") = "summ.odd.elements", "summ.odd.elements.csproj", "{BD5257EE-48A7-45A5-8236-F240AC6B5590}"
EndProject
Global
	GlobalSection(SolutionConfigurationPlatforms) = preSolution
		Debug|Any CPU = Debug|Any CPU
		Release|Any CPU = Release|Any CPU
	EndGlobalSection
	GlobalSection(ProjectConfigurationPlatforms) = postSolution
		{BD5257EE-48A7-45A5-8236-F240AC6B5590}.Debug|Any CPU.ActiveCfg = Debug|Any CPU
		{BD5257EE-48A7-45A5-8236-F240AC6B5590}.Debug|Any CPU.Build.0 = Debug|Any CPU
		{BD5257EE-48A7-45A5-8236-F240AC6B5590}.Release|Any CPU.ActiveCfg = Release|Any CPU
		{BD5257EE-48A7-45A5-8236-F240AC6B5590}.Release|Any CPU.Build.0 = Release|Any CPU
	EndGlobalSection
	GlobalSection(SolutionProperties) = preSolution
		HideSolutionNode = FALSE
	EndGlobalSection
	GlobalSection(ExtensibilityGlobals) = postSolution
		SolutionGuid = {31C04303-197E-430A-91D7-CE1ABF8658BC}
	EndGlobalSection
EndGlobal
