
Microsoft Visual Studio Solution File, Format Version 12.00
# Visual Studio Version 16
VisualStudioVersion = 16.0.30611.23
MinimumVisualStudioVersion = 10.0.40219.1
Project("{FAE04EC0-301F-11D3-BF4B-00C04F79EFBC}") = "HomeWork Array2", "HomeWork Array2.csproj", "{F2E3B610-FDCA-4B9D-A947-1A37D841084D}"
EndProject
Global
	GlobalSection(SolutionConfigurationPlatforms) = preSolution
		Debug|Any CPU = Debug|Any CPU
		Release|Any CPU = Release|Any CPU
	EndGlobalSection
	GlobalSection(ProjectConfigurationPlatforms) = postSolution
		{F2E3B610-FDCA-4B9D-A947-1A37D841084D}.Debug|Any CPU.ActiveCfg = Debug|Any CPU
		{F2E3B610-FDCA-4B9D-A947-1A37D841084D}.Debug|Any CPU.Build.0 = Debug|Any CPU
		{F2E3B610-FDCA-4B9D-A947-1A37D841084D}.Release|Any CPU.ActiveCfg = Release|Any CPU
		{F2E3B610-FDCA-4B9D-A947-1A37D841084D}.Release|Any CPU.Build.0 = Release|Any CPU
	EndGlobalSection
	GlobalSection(SolutionProperties) = preSolution
		HideSolutionNode = FALSE
	EndGlobalSection
	GlobalSection(ExtensibilityGlobals) = postSolution
		SolutionGuid = {9CB765AC-B0FE-4D57-BD39-6F8C6FB407DB}
	EndGlobalSection
EndGlobal
