
Microsoft Visual Studio Solution File, Format Version 12.00
# Visual Studio Version 16
VisualStudioVersion = 16.0.30611.23
MinimumVisualStudioVersion = 10.0.40219.1
Project("{FAE04EC0-301F-11D3-BF4B-00C04F79EFBC}") = "HomeWork 5 ENUM", "HomeWork 5 ENUM.csproj", "{149B7F8F-A376-4808-A3A3-479FA6E72582}"
EndProject
Global
	GlobalSection(SolutionConfigurationPlatforms) = preSolution
		Debug|Any CPU = Debug|Any CPU
		Release|Any CPU = Release|Any CPU
	EndGlobalSection
	GlobalSection(ProjectConfigurationPlatforms) = postSolution
		{149B7F8F-A376-4808-A3A3-479FA6E72582}.Debug|Any CPU.ActiveCfg = Debug|Any CPU
		{149B7F8F-A376-4808-A3A3-479FA6E72582}.Debug|Any CPU.Build.0 = Debug|Any CPU
		{149B7F8F-A376-4808-A3A3-479FA6E72582}.Release|Any CPU.ActiveCfg = Release|Any CPU
		{149B7F8F-A376-4808-A3A3-479FA6E72582}.Release|Any CPU.Build.0 = Release|Any CPU
	EndGlobalSection
	GlobalSection(SolutionProperties) = preSolution
		HideSolutionNode = FALSE
	EndGlobalSection
	GlobalSection(ExtensibilityGlobals) = postSolution
		SolutionGuid = {87D1DC1E-5791-4C0C-8818-86BD3D89FA9B}
	EndGlobalSection
EndGlobal
