
Microsoft Visual Studio Solution File, Format Version 12.00
# Visual Studio Version 16
VisualStudioVersion = 16.0.30611.23
MinimumVisualStudioVersion = 10.0.40219.1
Project("{FAE04EC0-301F-11D3-BF4B-00C04F79EFBC}") = "HomeWork Massive", "HomeWork Massive.csproj", "{24983749-1C2A-47EA-A3D1-359B8C81ED53}"
EndProject
Global
	GlobalSection(SolutionConfigurationPlatforms) = preSolution
		Debug|Any CPU = Debug|Any CPU
		Release|Any CPU = Release|Any CPU
	EndGlobalSection
	GlobalSection(ProjectConfigurationPlatforms) = postSolution
		{24983749-1C2A-47EA-A3D1-359B8C81ED53}.Debug|Any CPU.ActiveCfg = Debug|Any CPU
		{24983749-1C2A-47EA-A3D1-359B8C81ED53}.Debug|Any CPU.Build.0 = Debug|Any CPU
		{24983749-1C2A-47EA-A3D1-359B8C81ED53}.Release|Any CPU.ActiveCfg = Release|Any CPU
		{24983749-1C2A-47EA-A3D1-359B8C81ED53}.Release|Any CPU.Build.0 = Release|Any CPU
	EndGlobalSection
	GlobalSection(SolutionProperties) = preSolution
		HideSolutionNode = FALSE
	EndGlobalSection
	GlobalSection(ExtensibilityGlobals) = postSolution
		SolutionGuid = {A0D591E8-5B2B-4228-B02B-2EF630C388F8}
	EndGlobalSection
EndGlobal
